PODS:
  - AromaSwiftClient (1.0):
    - AromaThrift (= 1.9)
    - SwiftExceptionCatcher (= 1.0)
  - AromaThrift (1.9):
    - ThriftLib (~> 0.9.3)
  - BRYXBanner (0.5.2):
    - BRYXBanner/Core (= 0.5.2)
  - BRYXBanner/Core (0.5.2)
  - SwiftExceptionCatcher (1.0)
  - ThriftLib (0.9.3)

DEPENDENCIES:
  - AromaSwiftClient (from `https://github.com/RedRoma/aroma-swift-client.git`, branch
    `develop`)
  - BRYXBanner

EXTERNAL SOURCES:
  AromaSwiftClient:
    :branch: develop
    :git: https://github.com/RedRoma/aroma-swift-client.git

CHECKOUT OPTIONS:
  AromaSwiftClient:
    :commit: d8bfa41bb4761e940a0085a58723d0046556fba4
    :git: https://github.com/RedRoma/aroma-swift-client.git

SPEC CHECKSUMS:
  AromaSwiftClient: 0d288a0203cfe3afdf440f58291a676583b8931e
  AromaThrift: 401f82fac018807e58c021df8b26941646b29a2f
  BRYXBanner: 5f0911d52e0a77e088f7ea7ddcdebd02afb7828a
  SwiftExceptionCatcher: 078a818ce665b30f537cb37b3762f989d8bfe1b4
  ThriftLib: ff1c3191db124d58a458440f110602ee0a670485

COCOAPODS: 0.39.0
